// !$*UTF8*$!
{
	archiveVersion = 1;
	classes = {
	};
	objectVersion = 46;
	objects = {

/* Begin PBXBuildFile section */
		607FACD61AFB9204008FA782 /* AppDelegate.swift in Sources */ = {isa = PBXBuildFile; fileRef = 607FACD51AFB9204008FA782 /* AppDelegate.swift */; };
		607FACD81AFB9204008FA782 /* EditorNodeController.swift in Sources */ = {isa = PBXBuildFile; fileRef = 607FACD71AFB9204008FA782 /* EditorNodeController.swift */; };
		607FACDD1AFB9204008FA782 /* Images.xcassets in Resources */ = {isa = PBXBuildFile; fileRef = 607FACDC1AFB9204008FA782 /* Images.xcassets */; };
		607FACE01AFB9204008FA782 /* LaunchScreen.xib in Resources */ = {isa = PBXBuildFile; fileRef = 607FACDE1AFB9204008FA782 /* LaunchScreen.xib */; };
		607FACEC1AFB9204008FA782 /* VEditorParserSpec.swift in Sources */ = {isa = PBXBuildFile; fileRef = 607FACEB1AFB9204008FA782 /* VEditorParserSpec.swift */; };
		762F65C6A4DFBE7A2F677703 /* Pods_VEditorKit_Example.framework in Frameworks */ = {isa = PBXBuildFile; fileRef = 19D9AE0E2039B88F94616CCC /* Pods_VEditorKit_Example.framework */; };
		9B3036DA21F4162D00489340 /* UIImage+Extension.swift in Sources */ = {isa = PBXBuildFile; fileRef = 9B3036D921F4162D00489340 /* UIImage+Extension.swift */; };
		9B3036E221F41BAF00489340 /* MockService.swift in Sources */ = {isa = PBXBuildFile; fileRef = 9B3036E121F41BAF00489340 /* MockService.swift */; };
		9B3036E321F41BAF00489340 /* MockService.swift in Sources */ = {isa = PBXBuildFile; fileRef = 9B3036E121F41BAF00489340 /* MockService.swift */; };
		9B3036E521F41BBE00489340 /* XMLViewController.swift in Sources */ = {isa = PBXBuildFile; fileRef = 9B3036E421F41BBE00489340 /* XMLViewController.swift */; };
		9B3036E721F41BC800489340 /* EditorOpenGraphPlaceholder.swift in Sources */ = {isa = PBXBuildFile; fileRef = 9B3036E621F41BC800489340 /* EditorOpenGraphPlaceholder.swift */; };
		9B3036E821F41C0100489340 /* EditorOpenGraphPlaceholder.swift in Sources */ = {isa = PBXBuildFile; fileRef = 9B3036E621F41BC800489340 /* EditorOpenGraphPlaceholder.swift */; };
		9B3036EB21F41C3800489340 /* VImageContent.swift in Sources */ = {isa = PBXBuildFile; fileRef = 9B3036EA21F41C3800489340 /* VImageContent.swift */; };
		9B3036ED21F41C4C00489340 /* VVideoContent.swift in Sources */ = {isa = PBXBuildFile; fileRef = 9B3036EC21F41C4C00489340 /* VVideoContent.swift */; };
		9B3036EF21F41C6200489340 /* VOpenGraphContent.swift in Sources */ = {isa = PBXBuildFile; fileRef = 9B3036EE21F41C6200489340 /* VOpenGraphContent.swift */; };
		9B3036F021F41C8B00489340 /* VImageContent.swift in Sources */ = {isa = PBXBuildFile; fileRef = 9B3036EA21F41C3800489340 /* VImageContent.swift */; };
		9B3036F121F41C9600489340 /* VVideoContent.swift in Sources */ = {isa = PBXBuildFile; fileRef = 9B3036EC21F41C4C00489340 /* VVideoContent.swift */; };
		9B3036F221F41CAD00489340 /* VOpenGraphContent.swift in Sources */ = {isa = PBXBuildFile; fileRef = 9B3036EE21F41C6200489340 /* VOpenGraphContent.swift */; };
		9B457E1121DE063400391EC9 /* EditorRule.swift in Sources */ = {isa = PBXBuildFile; fileRef = 9B457E1021DE063400391EC9 /* EditorRule.swift */; };
		9B457E1221DE0C5C00391EC9 /* EditorRule.swift in Sources */ = {isa = PBXBuildFile; fileRef = 9B457E1021DE063400391EC9 /* EditorRule.swift */; };
		9B457E1821DEFCDA00391EC9 /* VEditorXMLBuilderSpec.swift in Sources */ = {isa = PBXBuildFile; fileRef = 9B457E1521DEFAF300391EC9 /* VEditorXMLBuilderSpec.swift */; };
		9B7CEE7E21E5BA6700CA328E /* VEditorMediaPlaceholderNodeSpec.swift in Sources */ = {isa = PBXBuildFile; fileRef = 9B7CEE7D21E5BA6700CA328E /* VEditorMediaPlaceholderNodeSpec.swift */; };
		9B7CEE8021E5C08600CA328E /* VEditorTextCellNodeSpec.swift in Sources */ = {isa = PBXBuildFile; fileRef = 9B7CEE7F21E5C08600CA328E /* VEditorTextCellNodeSpec.swift */; };
		9B7CEE8221E5C22200CA328E /* VEditorTypingControlNodeSpec.swift in Sources */ = {isa = PBXBuildFile; fileRef = 9B7CEE8121E5C22200CA328E /* VEditorTypingControlNodeSpec.swift */; };
		9B7CEE8421E5C42800CA328E /* VEditorVideoNodeSpec.swift in Sources */ = {isa = PBXBuildFile; fileRef = 9B7CEE8321E5C42800CA328E /* VEditorVideoNodeSpec.swift */; };
		9B7CEE8621E5C62800CA328E /* VEditorImageNodeSpec.swift in Sources */ = {isa = PBXBuildFile; fileRef = 9B7CEE8521E5C62800CA328E /* VEditorImageNodeSpec.swift */; };
		9B7CEE8821E5C67000CA328E /* VEditorMediaNodeSpec.swift in Sources */ = {isa = PBXBuildFile; fileRef = 9B7CEE8721E5C67000CA328E /* VEditorMediaNodeSpec.swift */; };
		9B7CEE8A21E5CDA200CA328E /* VEditorTextStorageSpec.swift in Sources */ = {isa = PBXBuildFile; fileRef = 9B7CEE8921E5CDA200CA328E /* VEditorTextStorageSpec.swift */; };
		9B7CEE8C21E5D70500CA328E /* VEditorTextNodeSpec.swift in Sources */ = {isa = PBXBuildFile; fileRef = 9B7CEE8B21E5D70500CA328E /* VEditorTextNodeSpec.swift */; };
		9B88A6A721DCB76F00EF3CC8 /* EditorControlAreaNode.swift in Sources */ = {isa = PBXBuildFile; fileRef = 9B88A6A621DCB76F00EF3CC8 /* EditorControlAreaNode.swift */; };
		9B88A6AB21DCDEC300EF3CC8 /* content.xml in Resources */ = {isa = PBXBuildFile; fileRef = 9B88A6AA21DCDEC300EF3CC8 /* content.xml */; };
		9BB5832721E5E13D0036C9FE /* VEditorNodeSpec.swift in Sources */ = {isa = PBXBuildFile; fileRef = 9BB5832621E5E13D0036C9FE /* VEditorNodeSpec.swift */; };
		9BB5832821E5E1AA0036C9FE /* EditorControlAreaNode.swift in Sources */ = {isa = PBXBuildFile; fileRef = 9B88A6A621DCB76F00EF3CC8 /* EditorControlAreaNode.swift */; };
		9BB5832B21E5E4C80036C9FE /* content.xml in Resources */ = {isa = PBXBuildFile; fileRef = 9B88A6AA21DCDEC300EF3CC8 /* content.xml */; };
		C191B86EDFC34EB0AF1131BD /* Pods_VEditorKit_Tests.framework in Frameworks */ = {isa = PBXBuildFile; fileRef = 48D26DEF356E2D9A26CBD914 /* Pods_VEditorKit_Tests.framework */; };
/* End PBXBuildFile section */

/* Begin PBXContainerItemProxy section */
		607FACE61AFB9204008FA782 /* PBXContainerItemProxy */ = {
			isa = PBXContainerItemProxy;
			containerPortal = 607FACC81AFB9204008FA782 /* Project object */;
			proxyType = 1;
			remoteGlobalIDString = 607FACCF1AFB9204008FA782;
			remoteInfo = VEditorKit;
		};
/* End PBXContainerItemProxy section */

/* Begin PBXFileReference section */
		0E5CB85249B7DEFB00A150A2 /* README.md */ = {isa = PBXFileReference; includeInIndex = 1; lastKnownFileType = net.daringfireball.markdown; name = README.md; path = ../README.md; sourceTree = "<group>"; };
		19D9AE0E2039B88F94616CCC /* Pods_VEditorKit_Example.framework */ = {isa = PBXFileReference; explicitFileType = wrapper.framework; includeInIndex = 0; path = Pods_VEditorKit_Example.framework; sourceTree = BUILT_PRODUCTS_DIR; };
		1F7F25D8BAC636380E84CFFE /* Pods-VEditorKit_Example.release.xcconfig */ = {isa = PBXFileReference; includeInIndex = 1; lastKnownFileType = text.xcconfig; name = "Pods-VEditorKit_Example.release.xcconfig"; path = "Pods/Target Support Files/Pods-VEditorKit_Example/Pods-VEditorKit_Example.release.xcconfig"; sourceTree = "<group>"; };
		48D26DEF356E2D9A26CBD914 /* Pods_VEditorKit_Tests.framework */ = {isa = PBXFileReference; explicitFileType = wrapper.framework; includeInIndex = 0; path = Pods_VEditorKit_Tests.framework; sourceTree = BUILT_PRODUCTS_DIR; };
		4B97213AE2F974B5CF65F7F5 /* VEditorKit.podspec */ = {isa = PBXFileReference; includeInIndex = 1; lastKnownFileType = text; name = VEditorKit.podspec; path = ../VEditorKit.podspec; sourceTree = "<group>"; xcLanguageSpecificationIdentifier = xcode.lang.ruby; };
		607FACD01AFB9204008FA782 /* VEditorKit_Example.app */ = {isa = PBXFileReference; explicitFileType = wrapper.application; includeInIndex = 0; path = VEditorKit_Example.app; sourceTree = BUILT_PRODUCTS_DIR; };
		607FACD41AFB9204008FA782 /* Info.plist */ = {isa = PBXFileReference; lastKnownFileType = text.plist.xml; path = Info.plist; sourceTree = "<group>"; };
		607FACD51AFB9204008FA782 /* AppDelegate.swift */ = {isa = PBXFileReference; lastKnownFileType = sourcecode.swift; path = AppDelegate.swift; sourceTree = "<group>"; };
		607FACD71AFB9204008FA782 /* EditorNodeController.swift */ = {isa = PBXFileReference; lastKnownFileType = sourcecode.swift; path = EditorNodeController.swift; sourceTree = "<group>"; };
		607FACDC1AFB9204008FA782 /* Images.xcassets */ = {isa = PBXFileReference; lastKnownFileType = folder.assetcatalog; path = Images.xcassets; sourceTree = "<group>"; };
		607FACDF1AFB9204008FA782 /* Base */ = {isa = PBXFileReference; lastKnownFileType = file.xib; name = Base; path = Base.lproj/LaunchScreen.xib; sourceTree = "<group>"; };
		607FACE51AFB9204008FA782 /* VEditorKit_Tests.xctest */ = {isa = PBXFileReference; explicitFileType = wrapper.cfbundle; includeInIndex = 0; path = VEditorKit_Tests.xctest; sourceTree = BUILT_PRODUCTS_DIR; };
		607FACEA1AFB9204008FA782 /* Info.plist */ = {isa = PBXFileReference; lastKnownFileType = text.plist.xml; path = Info.plist; sourceTree = "<group>"; };
		607FACEB1AFB9204008FA782 /* VEditorParserSpec.swift */ = {isa = PBXFileReference; lastKnownFileType = sourcecode.swift; path = VEditorParserSpec.swift; sourceTree = "<group>"; };
		678C76B2ADE22C77779D368C /* LICENSE */ = {isa = PBXFileReference; includeInIndex = 1; lastKnownFileType = text; name = LICENSE; path = ../LICENSE; sourceTree = "<group>"; };
		9B3036D921F4162D00489340 /* UIImage+Extension.swift */ = {isa = PBXFileReference; lastKnownFileType = sourcecode.swift; path = "UIImage+Extension.swift"; sourceTree = "<group>"; };
		9B3036E121F41BAF00489340 /* MockService.swift */ = {isa = PBXFileReference; lastKnownFileType = sourcecode.swift; path = MockService.swift; sourceTree = "<group>"; };
		9B3036E421F41BBE00489340 /* XMLViewController.swift */ = {isa = PBXFileReference; fileEncoding = 4; lastKnownFileType = sourcecode.swift; path = XMLViewController.swift; sourceTree = "<group>"; };
		9B3036E621F41BC800489340 /* EditorOpenGraphPlaceholder.swift */ = {isa = PBXFileReference; fileEncoding = 4; lastKnownFileType = sourcecode.swift; path = EditorOpenGraphPlaceholder.swift; sourceTree = "<group>"; };
		9B3036EA21F41C3800489340 /* VImageContent.swift */ = {isa = PBXFileReference; lastKnownFileType = sourcecode.swift; path = VImageContent.swift; sourceTree = "<group>"; };
		9B3036EC21F41C4C00489340 /* VVideoContent.swift */ = {isa = PBXFileReference; lastKnownFileType = sourcecode.swift; path = VVideoContent.swift; sourceTree = "<group>"; };
		9B3036EE21F41C6200489340 /* VOpenGraphContent.swift */ = {isa = PBXFileReference; lastKnownFileType = sourcecode.swift; path = VOpenGraphContent.swift; sourceTree = "<group>"; };
		9B457E1021DE063400391EC9 /* EditorRule.swift */ = {isa = PBXFileReference; lastKnownFileType = sourcecode.swift; path = EditorRule.swift; sourceTree = "<group>"; };
		9B457E1521DEFAF300391EC9 /* VEditorXMLBuilderSpec.swift */ = {isa = PBXFileReference; lastKnownFileType = sourcecode.swift; path = VEditorXMLBuilderSpec.swift; sourceTree = "<group>"; };
		9B7CEE7D21E5BA6700CA328E /* VEditorMediaPlaceholderNodeSpec.swift */ = {isa = PBXFileReference; lastKnownFileType = sourcecode.swift; path = VEditorMediaPlaceholderNodeSpec.swift; sourceTree = "<group>"; };
		9B7CEE7F21E5C08600CA328E /* VEditorTextCellNodeSpec.swift */ = {isa = PBXFileReference; lastKnownFileType = sourcecode.swift; path = VEditorTextCellNodeSpec.swift; sourceTree = "<group>"; };
		9B7CEE8121E5C22200CA328E /* VEditorTypingControlNodeSpec.swift */ = {isa = PBXFileReference; lastKnownFileType = sourcecode.swift; path = VEditorTypingControlNodeSpec.swift; sourceTree = "<group>"; };
		9B7CEE8321E5C42800CA328E /* VEditorVideoNodeSpec.swift */ = {isa = PBXFileReference; lastKnownFileType = sourcecode.swift; path = VEditorVideoNodeSpec.swift; sourceTree = "<group>"; };
		9B7CEE8521E5C62800CA328E /* VEditorImageNodeSpec.swift */ = {isa = PBXFileReference; lastKnownFileType = sourcecode.swift; path = VEditorImageNodeSpec.swift; sourceTree = "<group>"; };
		9B7CEE8721E5C67000CA328E /* VEditorMediaNodeSpec.swift */ = {isa = PBXFileReference; lastKnownFileType = sourcecode.swift; path = VEditorMediaNodeSpec.swift; sourceTree = "<group>"; };
		9B7CEE8921E5CDA200CA328E /* VEditorTextStorageSpec.swift */ = {isa = PBXFileReference; lastKnownFileType = sourcecode.swift; path = VEditorTextStorageSpec.swift; sourceTree = "<group>"; };
		9B7CEE8B21E5D70500CA328E /* VEditorTextNodeSpec.swift */ = {isa = PBXFileReference; lastKnownFileType = sourcecode.swift; path = VEditorTextNodeSpec.swift; sourceTree = "<group>"; };
		9B88A6A621DCB76F00EF3CC8 /* EditorControlAreaNode.swift */ = {isa = PBXFileReference; lastKnownFileType = sourcecode.swift; path = EditorControlAreaNode.swift; sourceTree = "<group>"; };
		9B88A6AA21DCDEC300EF3CC8 /* content.xml */ = {isa = PBXFileReference; lastKnownFileType = text.xml; path = content.xml; sourceTree = "<group>"; };
		9BB5832621E5E13D0036C9FE /* VEditorNodeSpec.swift */ = {isa = PBXFileReference; lastKnownFileType = sourcecode.swift; path = VEditorNodeSpec.swift; sourceTree = "<group>"; };
		C3E3AB57DFE5DE8299572A7A /* Pods-VEditorKit_Tests.debug.xcconfig */ = {isa = PBXFileReference; includeInIndex = 1; lastKnownFileType = text.xcconfig; name = "Pods-VEditorKit_Tests.debug.xcconfig"; path = "Pods/Target Support Files/Pods-VEditorKit_Tests/Pods-VEditorKit_Tests.debug.xcconfig"; sourceTree = "<group>"; };
		D262A91D97AC2BCBF155C159 /* Pods-VEditorKit_Tests.release.xcconfig */ = {isa = PBXFileReference; includeInIndex = 1; lastKnownFileType = text.xcconfig; name = "Pods-VEditorKit_Tests.release.xcconfig"; path = "Pods/Target Support Files/Pods-VEditorKit_Tests/Pods-VEditorKit_Tests.release.xcconfig"; sourceTree = "<group>"; };
		D47C1AE2E83656FF20DAB7F4 /* Pods-VEditorKit_Example.debug.xcconfig */ = {isa = PBXFileReference; includeInIndex = 1; lastKnownFileType = text.xcconfig; name = "Pods-VEditorKit_Example.debug.xcconfig"; path = "Pods/Target Support Files/Pods-VEditorKit_Example/Pods-VEditorKit_Example.debug.xcconfig"; sourceTree = "<group>"; };
/* End PBXFileReference section */

/* Begin PBXFrameworksBuildPhase section */
		607FACCD1AFB9204008FA782 /* Frameworks */ = {
			isa = PBXFrameworksBuildPhase;
			buildActionMask = 2147483647;
			files = (
				762F65C6A4DFBE7A2F677703 /* Pods_VEditorKit_Example.framework in Frameworks */,
			);
			runOnlyForDeploymentPostprocessing = 0;
		};
		607FACE21AFB9204008FA782 /* Frameworks */ = {
			isa = PBXFrameworksBuildPhase;
			buildActionMask = 2147483647;
			files = (
				C191B86EDFC34EB0AF1131BD /* Pods_VEditorKit_Tests.framework in Frameworks */,
			);
			runOnlyForDeploymentPostprocessing = 0;
		};
/* End PBXFrameworksBuildPhase section */

/* Begin PBXGroup section */
		25BFEDEB8B9A36EB96F6219A /* Frameworks */ = {
			isa = PBXGroup;
			children = (
				19D9AE0E2039B88F94616CCC /* Pods_VEditorKit_Example.framework */,
				48D26DEF356E2D9A26CBD914 /* Pods_VEditorKit_Tests.framework */,
			);
			name = Frameworks;
			sourceTree = "<group>";
		};
		607FACC71AFB9204008FA782 = {
			isa = PBXGroup;
			children = (
				607FACF51AFB993E008FA782 /* Podspec Metadata */,
				607FACD21AFB9204008FA782 /* Example for VEditorKit */,
				607FACE81AFB9204008FA782 /* Tests */,
				607FACD11AFB9204008FA782 /* Products */,
				91E62C95B6BB6687F3DE8D04 /* Pods */,
				25BFEDEB8B9A36EB96F6219A /* Frameworks */,
			);
			sourceTree = "<group>";
		};
		607FACD11AFB9204008FA782 /* Products */ = {
			isa = PBXGroup;
			children = (
				607FACD01AFB9204008FA782 /* VEditorKit_Example.app */,
				607FACE51AFB9204008FA782 /* VEditorKit_Tests.xctest */,
			);
			name = Products;
			sourceTree = "<group>";
		};
		607FACD21AFB9204008FA782 /* Example for VEditorKit */ = {
			isa = PBXGroup;
			children = (
				9B3036E921F41C1F00489340 /* EditorServices */,
				9B3036E021F41B9B00489340 /* Extensions */,
				9B3036DE21F41AE200489340 /* Services */,
				9B3036DD21F41AD700489340 /* Controllers */,
				9B3036DC21F41AC000489340 /* Views */,
				607FACD51AFB9204008FA782 /* AppDelegate.swift */,
				607FACDC1AFB9204008FA782 /* Images.xcassets */,
				9B88A6AA21DCDEC300EF3CC8 /* content.xml */,
				607FACDE1AFB9204008FA782 /* LaunchScreen.xib */,
				607FACD31AFB9204008FA782 /* Supporting Files */,
			);
			name = "Example for VEditorKit";
			path = VEditorKit;
			sourceTree = "<group>";
		};
		607FACD31AFB9204008FA782 /* Supporting Files */ = {
			isa = PBXGroup;
			children = (
				607FACD41AFB9204008FA782 /* Info.plist */,
			);
			name = "Supporting Files";
			sourceTree = "<group>";
		};
		607FACE81AFB9204008FA782 /* Tests */ = {
			isa = PBXGroup;
			children = (
				607FACE91AFB9204008FA782 /* Supporting Files */,
				607FACEB1AFB9204008FA782 /* VEditorParserSpec.swift */,
				9B457E1521DEFAF300391EC9 /* VEditorXMLBuilderSpec.swift */,
				9B7CEE8121E5C22200CA328E /* VEditorTypingControlNodeSpec.swift */,
				9B7CEE7D21E5BA6700CA328E /* VEditorMediaPlaceholderNodeSpec.swift */,
				9B7CEE7F21E5C08600CA328E /* VEditorTextCellNodeSpec.swift */,
				9B7CEE8321E5C42800CA328E /* VEditorVideoNodeSpec.swift */,
				9B7CEE8521E5C62800CA328E /* VEditorImageNodeSpec.swift */,
				9B7CEE8721E5C67000CA328E /* VEditorMediaNodeSpec.swift */,
				9B7CEE8921E5CDA200CA328E /* VEditorTextStorageSpec.swift */,
				9B7CEE8B21E5D70500CA328E /* VEditorTextNodeSpec.swift */,
				9BB5832621E5E13D0036C9FE /* VEditorNodeSpec.swift */,
			);
			path = Tests;
			sourceTree = "<group>";
		};
		607FACE91AFB9204008FA782 /* Supporting Files */ = {
			isa = PBXGroup;
			children = (
				607FACEA1AFB9204008FA782 /* Info.plist */,
			);
			name = "Supporting Files";
			sourceTree = "<group>";
		};
		607FACF51AFB993E008FA782 /* Podspec Metadata */ = {
			isa = PBXGroup;
			children = (
				4B97213AE2F974B5CF65F7F5 /* VEditorKit.podspec */,
				0E5CB85249B7DEFB00A150A2 /* README.md */,
				678C76B2ADE22C77779D368C /* LICENSE */,
			);
			name = "Podspec Metadata";
			sourceTree = "<group>";
		};
		91E62C95B6BB6687F3DE8D04 /* Pods */ = {
			isa = PBXGroup;
			children = (
				D47C1AE2E83656FF20DAB7F4 /* Pods-VEditorKit_Example.debug.xcconfig */,
				1F7F25D8BAC636380E84CFFE /* Pods-VEditorKit_Example.release.xcconfig */,
				C3E3AB57DFE5DE8299572A7A /* Pods-VEditorKit_Tests.debug.xcconfig */,
				D262A91D97AC2BCBF155C159 /* Pods-VEditorKit_Tests.release.xcconfig */,
			);
			name = Pods;
			sourceTree = "<group>";
		};
		9B3036DC21F41AC000489340 /* Views */ = {
			isa = PBXGroup;
			children = (
				9B88A6A621DCB76F00EF3CC8 /* EditorControlAreaNode.swift */,
				9B3036E621F41BC800489340 /* EditorOpenGraphPlaceholder.swift */,
			);
			path = Views;
			sourceTree = "<group>";
		};
		9B3036DD21F41AD700489340 /* Controllers */ = {
			isa = PBXGroup;
			children = (
				607FACD71AFB9204008FA782 /* EditorNodeController.swift */,
				9B3036E421F41BBE00489340 /* XMLViewController.swift */,
			);
			path = Controllers;
			sourceTree = "<group>";
		};
		9B3036DE21F41AE200489340 /* Services */ = {
			isa = PBXGroup;
			children = (
				9B3036E121F41BAF00489340 /* MockService.swift */,
			);
			path = Services;
			sourceTree = "<group>";
		};
		9B3036E021F41B9B00489340 /* Extensions */ = {
			isa = PBXGroup;
			children = (
				9B3036D921F4162D00489340 /* UIImage+Extension.swift */,
			);
			path = Extensions;
			sourceTree = "<group>";
		};
		9B3036E921F41C1F00489340 /* EditorServices */ = {
			isa = PBXGroup;
			children = (
				9B457E1021DE063400391EC9 /* EditorRule.swift */,
				9B3036EA21F41C3800489340 /* VImageContent.swift */,
				9B3036EC21F41C4C00489340 /* VVideoContent.swift */,
				9B3036EE21F41C6200489340 /* VOpenGraphContent.swift */,
			);
			path = EditorServices;
			sourceTree = "<group>";
		};
/* End PBXGroup section */

/* Begin PBXNativeTarget section */
		607FACCF1AFB9204008FA782 /* VEditorKit_Example */ = {
			isa = PBXNativeTarget;
			buildConfigurationList = 607FACEF1AFB9204008FA782 /* Build configuration list for PBXNativeTarget "VEditorKit_Example" */;
			buildPhases = (
				11D65D9AC90CA00F6D46BE16 /* [CP] Check Pods Manifest.lock */,
				607FACCC1AFB9204008FA782 /* Sources */,
				607FACCD1AFB9204008FA782 /* Frameworks */,
				607FACCE1AFB9204008FA782 /* Resources */,
				DA2756AB99BFB6BF3639A608 /* [CP] Embed Pods Frameworks */,
			);
			buildRules = (
			);
			dependencies = (
			);
			name = VEditorKit_Example;
			productName = VEditorKit;
			productReference = 607FACD01AFB9204008FA782 /* VEditorKit_Example.app */;
			productType = "com.apple.product-type.application";
		};
		607FACE41AFB9204008FA782 /* VEditorKit_Tests */ = {
			isa = PBXNativeTarget;
			buildConfigurationList = 607FACF21AFB9204008FA782 /* Build configuration list for PBXNativeTarget "VEditorKit_Tests" */;
			buildPhases = (
				8DA14F76BB3C5156D095D0BF /* [CP] Check Pods Manifest.lock */,
				607FACE11AFB9204008FA782 /* Sources */,
				607FACE21AFB9204008FA782 /* Frameworks */,
				607FACE31AFB9204008FA782 /* Resources */,
				7A96287C7B0E0774FEEB2465 /* [CP] Embed Pods Frameworks */,
			);
			buildRules = (
			);
			dependencies = (
				607FACE71AFB9204008FA782 /* PBXTargetDependency */,
			);
			name = VEditorKit_Tests;
			productName = Tests;
			productReference = 607FACE51AFB9204008FA782 /* VEditorKit_Tests.xctest */;
			productType = "com.apple.product-type.bundle.unit-test";
		};
/* End PBXNativeTarget section */

/* Begin PBXProject section */
		607FACC81AFB9204008FA782 /* Project object */ = {
			isa = PBXProject;
			attributes = {
				LastSwiftUpdateCheck = 0830;
				LastUpgradeCheck = 0830;
				ORGANIZATIONNAME = CocoaPods;
				TargetAttributes = {
					607FACCF1AFB9204008FA782 = {
						CreatedOnToolsVersion = 6.3.1;
						DevelopmentTeam = JTEXWEH4CZ;
						LastSwiftMigration = 0900;
					};
					607FACE41AFB9204008FA782 = {
						CreatedOnToolsVersion = 6.3.1;
						DevelopmentTeam = JTEXWEH4CZ;
						LastSwiftMigration = 0900;
						TestTargetID = 607FACCF1AFB9204008FA782;
					};
				};
			};
			buildConfigurationList = 607FACCB1AFB9204008FA782 /* Build configuration list for PBXProject "VEditorKit" */;
			compatibilityVersion = "Xcode 3.2";
			developmentRegion = English;
			hasScannedForEncodings = 0;
			knownRegions = (
				en,
				Base,
			);
			mainGroup = 607FACC71AFB9204008FA782;
			productRefGroup = 607FACD11AFB9204008FA782 /* Products */;
			projectDirPath = "";
			projectRoot = "";
			targets = (
				607FACCF1AFB9204008FA782 /* VEditorKit_Example */,
				607FACE41AFB9204008FA782 /* VEditorKit_Tests */,
			);
		};
/* End PBXProject section */

/* Begin PBXResourcesBuildPhase section */
		607FACCE1AFB9204008FA782 /* Resources */ = {
			isa = PBXResourcesBuildPhase;
			buildActionMask = 2147483647;
			files = (
				9B88A6AB21DCDEC300EF3CC8 /* content.xml in Resources */,
				607FACE01AFB9204008FA782 /* LaunchScreen.xib in Resources */,
				607FACDD1AFB9204008FA782 /* Images.xcassets in Resources */,
			);
			runOnlyForDeploymentPostprocessing = 0;
		};
		607FACE31AFB9204008FA782 /* Resources */ = {
			isa = PBXResourcesBuildPhase;
			buildActionMask = 2147483647;
			files = (
				9BB5832B21E5E4C80036C9FE /* content.xml in Resources */,
			);
			runOnlyForDeploymentPostprocessing = 0;
		};
/* End PBXResourcesBuildPhase section */

/* Begin PBXShellScriptBuildPhase section */
		11D65D9AC90CA00F6D46BE16 /* [CP] Check Pods Manifest.lock */ = {
			isa = PBXShellScriptBuildPhase;
			buildActionMask = 2147483647;
			files = (
			);
			inputFileListPaths = (
			);
			inputPaths = (
				"${PODS_PODFILE_DIR_PATH}/Podfile.lock",
				"${PODS_ROOT}/Manifest.lock",
			);
			name = "[CP] Check Pods Manifest.lock";
			outputFileListPaths = (
			);
			outputPaths = (
				"$(DERIVED_FILE_DIR)/Pods-VEditorKit_Example-checkManifestLockResult.txt",
			);
			runOnlyForDeploymentPostprocessing = 0;
			shellPath = /bin/sh;
			shellScript = "diff \"${PODS_PODFILE_DIR_PATH}/Podfile.lock\" \"${PODS_ROOT}/Manifest.lock\" > /dev/null\nif [ $? != 0 ] ; then\n    # print error to STDERR\n    echo \"error: The sandbox is not in sync with the Podfile.lock. Run 'pod install' or update your CocoaPods installation.\" >&2\n    exit 1\nfi\n# This output is used by Xcode 'outputs' to avoid re-running this script phase.\necho \"SUCCESS\" > \"${SCRIPT_OUTPUT_FILE_0}\"\n";
			showEnvVarsInLog = 0;
		};
		7A96287C7B0E0774FEEB2465 /* [CP] Embed Pods Frameworks */ = {
			isa = PBXShellScriptBuildPhase;
			buildActionMask = 2147483647;
			files = (
			);
			inputFileListPaths = (
			);
			inputPaths = (
				"${SRCROOT}/Pods/Target Support Files/Pods-VEditorKit_Tests/Pods-VEditorKit_Tests-frameworks.sh",
				"${BUILT_PRODUCTS_DIR}/RxAtomic/RxAtomic.framework",
				"${BUILT_PRODUCTS_DIR}/RxSwift/RxSwift.framework",
				"${BUILT_PRODUCTS_DIR}/Nimble/Nimble.framework",
				"${BUILT_PRODUCTS_DIR}/Quick/Quick.framework",
				"${BUILT_PRODUCTS_DIR}/RxBlocking/RxBlocking.framework",
				"${BUILT_PRODUCTS_DIR}/RxTest/RxTest.framework",
			);
			name = "[CP] Embed Pods Frameworks";
			outputFileListPaths = (
			);
			outputPaths = (
				"${TARGET_BUILD_DIR}/${FRAMEWORKS_FOLDER_PATH}/RxAtomic.framework",
				"${TARGET_BUILD_DIR}/${FRAMEWORKS_FOLDER_PATH}/RxSwift.framework",
				"${TARGET_BUILD_DIR}/${FRAMEWORKS_FOLDER_PATH}/Nimble.framework",
				"${TARGET_BUILD_DIR}/${FRAMEWORKS_FOLDER_PATH}/Quick.framework",
				"${TARGET_BUILD_DIR}/${FRAMEWORKS_FOLDER_PATH}/RxBlocking.framework",
				"${TARGET_BUILD_DIR}/${FRAMEWORKS_FOLDER_PATH}/RxTest.framework",
			);
			runOnlyForDeploymentPostprocessing = 0;
			shellPath = /bin/sh;
			shellScript = "\"${SRCROOT}/Pods/Target Support Files/Pods-VEditorKit_Tests/Pods-VEditorKit_Tests-frameworks.sh\"\n";
			showEnvVarsInLog = 0;
		};
		8DA14F76BB3C5156D095D0BF /* [CP] Check Pods Manifest.lock */ = {
			isa = PBXShellScriptBuildPhase;
			buildActionMask = 2147483647;
			files = (
			);
			inputFileListPaths = (
			);
			inputPaths = (
				"${PODS_PODFILE_DIR_PATH}/Podfile.lock",
				"${PODS_ROOT}/Manifest.lock",
			);
			name = "[CP] Check Pods Manifest.lock";
			outputFileListPaths = (
			);
			outputPaths = (
				"$(DERIVED_FILE_DIR)/Pods-VEditorKit_Tests-checkManifestLockResult.txt",
			);
			runOnlyForDeploymentPostprocessing = 0;
			shellPath = /bin/sh;
			shellScript = "diff \"${PODS_PODFILE_DIR_PATH}/Podfile.lock\" \"${PODS_ROOT}/Manifest.lock\" > /dev/null\nif [ $? != 0 ] ; then\n    # print error to STDERR\n    echo \"error: The sandbox is not in sync with the Podfile.lock. Run 'pod install' or update your CocoaPods installation.\" >&2\n    exit 1\nfi\n# This output is used by Xcode 'outputs' to avoid re-running this script phase.\necho \"SUCCESS\" > \"${SCRIPT_OUTPUT_FILE_0}\"\n";
			showEnvVarsInLog = 0;
		};
		DA2756AB99BFB6BF3639A608 /* [CP] Embed Pods Frameworks */ = {
			isa = PBXShellScriptBuildPhase;
			buildActionMask = 2147483647;
			files = (
			);
			inputFileListPaths = (
			);
			inputPaths = (
				"${SRCROOT}/Pods/Target Support Files/Pods-VEditorKit_Example/Pods-VEditorKit_Example-frameworks.sh",
				"${BUILT_PRODUCTS_DIR}/BonMot/BonMot.framework",
				"${BUILT_PRODUCTS_DIR}/PINCache/PINCache.framework",
				"${BUILT_PRODUCTS_DIR}/PINOperation/PINOperation.framework",
				"${BUILT_PRODUCTS_DIR}/PINRemoteImage/PINRemoteImage.framework",
				"${BUILT_PRODUCTS_DIR}/RxAtomic/RxAtomic.framework",
				"${BUILT_PRODUCTS_DIR}/RxCocoa/RxCocoa.framework",
				"${BUILT_PRODUCTS_DIR}/RxSwift/RxSwift.framework",
				"${BUILT_PRODUCTS_DIR}/Texture/AsyncDisplayKit.framework",
				"${BUILT_PRODUCTS_DIR}/VEditorKit/VEditorKit.framework",
			);
			name = "[CP] Embed Pods Frameworks";
			outputFileListPaths = (
			);
			outputPaths = (
				"${TARGET_BUILD_DIR}/${FRAMEWORKS_FOLDER_PATH}/BonMot.framework",
				"${TARGET_BUILD_DIR}/${FRAMEWORKS_FOLDER_PATH}/PINCache.framework",
				"${TARGET_BUILD_DIR}/${FRAMEWORKS_FOLDER_PATH}/PINOperation.framework",
				"${TARGET_BUILD_DIR}/${FRAMEWORKS_FOLDER_PATH}/PINRemoteImage.framework",
				"${TARGET_BUILD_DIR}/${FRAMEWORKS_FOLDER_PATH}/RxAtomic.framework",
				"${TARGET_BUILD_DIR}/${FRAMEWORKS_FOLDER_PATH}/RxCocoa.framework",
				"${TARGET_BUILD_DIR}/${FRAMEWORKS_FOLDER_PATH}/RxSwift.framework",
				"${TARGET_BUILD_DIR}/${FRAMEWORKS_FOLDER_PATH}/AsyncDisplayKit.framework",
				"${TARGET_BUILD_DIR}/${FRAMEWORKS_FOLDER_PATH}/VEditorKit.framework",
			);
			runOnlyForDeploymentPostprocessing = 0;
			shellPath = /bin/sh;
			shellScript = "\"${SRCROOT}/Pods/Target Support Files/Pods-VEditorKit_Example/Pods-VEditorKit_Example-frameworks.sh\"\n";
			showEnvVarsInLog = 0;
		};
/* End PBXShellScriptBuildPhase section */

/* Begin PBXSourcesBuildPhase section */
		607FACCC1AFB9204008FA782 /* Sources */ = {
			isa = PBXSourcesBuildPhase;
			buildActionMask = 2147483647;
			files = (
				607FACD81AFB9204008FA782 /* EditorNodeController.swift in Sources */,
				9B3036E221F41BAF00489340 /* MockService.swift in Sources */,
				9B3036ED21F41C4C00489340 /* VVideoContent.swift in Sources */,
				9B3036E721F41BC800489340 /* EditorOpenGraphPlaceholder.swift in Sources */,
				9B3036E521F41BBE00489340 /* XMLViewController.swift in Sources */,
				9B3036DA21F4162D00489340 /* UIImage+Extension.swift in Sources */,
				9B3036EF21F41C6200489340 /* VOpenGraphContent.swift in Sources */,
				607FACD61AFB9204008FA782 /* AppDelegate.swift in Sources */,
				9B457E1121DE063400391EC9 /* EditorRule.swift in Sources */,
				9B88A6A721DCB76F00EF3CC8 /* EditorControlAreaNode.swift in Sources */,
				9B3036EB21F41C3800489340 /* VImageContent.swift in Sources */,
			);
			runOnlyForDeploymentPostprocessing = 0;
		};
		607FACE11AFB9204008FA782 /* Sources */ = {
			isa = PBXSourcesBuildPhase;
			buildActionMask = 2147483647;
			files = (
				9B457E1221DE0C5C00391EC9 /* EditorRule.swift in Sources */,
				9B7CEE8421E5C42800CA328E /* VEditorVideoNodeSpec.swift in Sources */,
				9B3036F021F41C8B00489340 /* VImageContent.swift in Sources */,
				9B7CEE8221E5C22200CA328E /* VEditorTypingControlNodeSpec.swift in Sources */,
				9B3036F121F41C9600489340 /* VVideoContent.swift in Sources */,
				9B7CEE8C21E5D70500CA328E /* VEditorTextNodeSpec.swift in Sources */,
				9B7CEE7E21E5BA6700CA328E /* VEditorMediaPlaceholderNodeSpec.swift in Sources */,
				9B7CEE8021E5C08600CA328E /* VEditorTextCellNodeSpec.swift in Sources */,
				9B3036E321F41BAF00489340 /* MockService.swift in Sources */,
				9B3036F221F41CAD00489340 /* VOpenGraphContent.swift in Sources */,
				607FACEC1AFB9204008FA782 /* VEditorParserSpec.swift in Sources */,
				9B7CEE8621E5C62800CA328E /* VEditorImageNodeSpec.swift in Sources */,
				9B7CEE8A21E5CDA200CA328E /* VEditorTextStorageSpec.swift in Sources */,
				9B7CEE8821E5C67000CA328E /* VEditorMediaNodeSpec.swift in Sources */,
				9B3036E821F41C0100489340 /* EditorOpenGraphPlaceholder.swift in Sources */,
				9BB5832821E5E1AA0036C9FE /* EditorControlAreaNode.swift in Sources */,
				9BB5832721E5E13D0036C9FE /* VEditorNodeSpec.swift in Sources */,
				9B457E1821DEFCDA00391EC9 /* VEditorXMLBuilderSpec.swift in Sources */,
			);
			runOnlyForDeploymentPostprocessing = 0;
		};
/* End PBXSourcesBuildPhase section */

/* Begin PBXTargetDependency section */
		607FACE71AFB9204008FA782 /* PBXTargetDependency */ = {
			isa = PBXTargetDependency;
			target = 607FACCF1AFB9204008FA782 /* VEditorKit_Example */;
			targetProxy = 607FACE61AFB9204008FA782 /* PBXContainerItemProxy */;
		};
/* End PBXTargetDependency section */

/* Begin PBXVariantGroup section */
		607FACDE1AFB9204008FA782 /* LaunchScreen.xib */ = {
			isa = PBXVariantGroup;
			children = (
				607FACDF1AFB9204008FA782 /* Base */,
			);
			name = LaunchScreen.xib;
			sourceTree = "<group>";
		};
/* End PBXVariantGroup section */

/* Begin XCBuildConfiguration section */
		607FACED1AFB9204008FA782 /* Debug */ = {
			isa = XCBuildConfiguration;
			buildSettings = {
				ALWAYS_SEARCH_USER_PATHS = NO;
				CLANG_CXX_LANGUAGE_STANDARD = "gnu++0x";
				CLANG_CXX_LIBRARY = "libc++";
				CLANG_ENABLE_MODULES = YES;
				CLANG_ENABLE_OBJC_ARC = YES;
				CLANG_WARN_BLOCK_CAPTURE_AUTORELEASING = YES;
				CLANG_WARN_BOOL_CONVERSION = YES;
				CLANG_WARN_COMMA = YES;
				CLANG_WARN_CONSTANT_CONVERSION = YES;
				CLANG_WARN_DIRECT_OBJC_ISA_USAGE = YES_ERROR;
				CLANG_WARN_EMPTY_BODY = YES;
				CLANG_WARN_ENUM_CONVERSION = YES;
				CLANG_WARN_INFINITE_RECURSION = YES;
				CLANG_WARN_INT_CONVERSION = YES;
				CLANG_WARN_NON_LITERAL_NULL_CONVERSION = YES;
				CLANG_WARN_OBJC_LITERAL_CONVERSION = YES;
				CLANG_WARN_OBJC_ROOT_CLASS = YES_ERROR;
				CLANG_WARN_RANGE_LOOP_ANALYSIS = YES;
				CLANG_WARN_STRICT_PROTOTYPES = YES;
				CLANG_WARN_SUSPICIOUS_MOVE = YES;
				CLANG_WARN_UNREACHABLE_CODE = YES;
				CLANG_WARN__DUPLICATE_METHOD_MATCH = YES;
				"CODE_SIGN_IDENTITY[sdk=iphoneos*]" = "iPhone Developer";
				COPY_PHASE_STRIP = NO;
				DEBUG_INFORMATION_FORMAT = "dwarf-with-dsym";
				ENABLE_STRICT_OBJC_MSGSEND = YES;
				ENABLE_TESTABILITY = YES;
				GCC_C_LANGUAGE_STANDARD = gnu99;
				GCC_DYNAMIC_NO_PIC = NO;
				GCC_NO_COMMON_BLOCKS = YES;
				GCC_OPTIMIZATION_LEVEL = 0;
				GCC_PREPROCESSOR_DEFINITIONS = (
					"DEBUG=1",
					"$(inherited)",
				);
				GCC_SYMBOLS_PRIVATE_EXTERN = NO;
				GCC_WARN_64_TO_32_BIT_CONVERSION = YES;
				GCC_WARN_ABOUT_RETURN_TYPE = YES_ERROR;
				GCC_WARN_UNDECLARED_SELECTOR = YES;
				GCC_WARN_UNINITIALIZED_AUTOS = YES_AGGRESSIVE;
				GCC_WARN_UNUSED_FUNCTION = YES;
				GCC_WARN_UNUSED_VARIABLE = YES;
				IPHONEOS_DEPLOYMENT_TARGET = 9.3;
				MTL_ENABLE_DEBUG_INFO = YES;
				ONLY_ACTIVE_ARCH = YES;
				SDKROOT = iphoneos;
				SWIFT_OPTIMIZATION_LEVEL = "-Onone";
			};
			name = Debug;
		};
		607FACEE1AFB9204008FA782 /* Release */ = {
			isa = XCBuildConfiguration;
			buildSettings = {
				ALWAYS_SEARCH_USER_PATHS = NO;
				CLANG_CXX_LANGUAGE_STANDARD = "gnu++0x";
				CLANG_CXX_LIBRARY = "libc++";
				CLANG_ENABLE_MODULES = YES;
				CLANG_ENABLE_OBJC_ARC = YES;
				CLANG_WARN_BLOCK_CAPTURE_AUTORELEASING = YES;
				CLANG_WARN_BOOL_CONVERSION = YES;
				CLANG_WARN_COMMA = YES;
				CLANG_WARN_CONSTANT_CONVERSION = YES;
				CLANG_WARN_DIRECT_OBJC_ISA_USAGE = YES_ERROR;
				CLANG_WARN_EMPTY_BODY = YES;
				CLANG_WARN_ENUM_CONVERSION = YES;
				CLANG_WARN_INFINITE_RECURSION = YES;
				CLANG_WARN_INT_CONVERSION = YES;
				CLANG_WARN_NON_LITERAL_NULL_CONVERSION = YES;
				CLANG_WARN_OBJC_LITERAL_CONVERSION = YES;
				CLANG_WARN_OBJC_ROOT_CLASS = YES_ERROR;
				CLANG_WARN_RANGE_LOOP_ANALYSIS = YES;
				CLANG_WARN_STRICT_PROTOTYPES = YES;
				CLANG_WARN_SUSPICIOUS_MOVE = YES;
				CLANG_WARN_UNREACHABLE_CODE = YES;
				CLANG_WARN__DUPLICATE_METHOD_MATCH = YES;
				"CODE_SIGN_IDENTITY[sdk=iphoneos*]" = "iPhone Developer";
				COPY_PHASE_STRIP = NO;
				DEBUG_INFORMATION_FORMAT = "dwarf-with-dsym";
				ENABLE_NS_ASSERTIONS = NO;
				ENABLE_STRICT_OBJC_MSGSEND = YES;
				GCC_C_LANGUAGE_STANDARD = gnu99;
				GCC_NO_COMMON_BLOCKS = YES;
				GCC_WARN_64_TO_32_BIT_CONVERSION = YES;
				GCC_WARN_ABOUT_RETURN_TYPE = YES_ERROR;
				GCC_WARN_UNDECLARED_SELECTOR = YES;
				GCC_WARN_UNINITIALIZED_AUTOS = YES_AGGRESSIVE;
				GCC_WARN_UNUSED_FUNCTION = YES;
				GCC_WARN_UNUSED_VARIABLE = YES;
				IPHONEOS_DEPLOYMENT_TARGET = 9.3;
				MTL_ENABLE_DEBUG_INFO = NO;
				SDKROOT = iphoneos;
				SWIFT_OPTIMIZATION_LEVEL = "-Owholemodule";
				VALIDATE_PRODUCT = YES;
			};
			name = Release;
		};
		607FACF01AFB9204008FA782 /* Debug */ = {
			isa = XCBuildConfiguration;
			baseConfigurationReference = D47C1AE2E83656FF20DAB7F4 /* Pods-VEditorKit_Example.debug.xcconfig */;
			buildSettings = {
				ASSETCATALOG_COMPILER_APPICON_NAME = AppIcon;
				DEVELOPMENT_TEAM = JTEXWEH4CZ;
				INFOPLIST_FILE = VEditorKit/Info.plist;
				LD_RUNPATH_SEARCH_PATHS = "$(inherited) @executable_path/Frameworks";
				MODULE_NAME = ExampleApp;
				PRODUCT_BUNDLE_IDENTIFIER = "org.cocoapods.demo.$(PRODUCT_NAME:rfc1034identifier)";
				PRODUCT_NAME = "$(TARGET_NAME)";
				SWIFT_SWIFT3_OBJC_INFERENCE = Default;
				SWIFT_VERSION = 4.2;
			};
			name = Debug;
		};
		607FACF11AFB9204008FA782 /* Release */ = {
			isa = XCBuildConfiguration;
			baseConfigurationReference = 1F7F25D8BAC636380E84CFFE /* Pods-VEditorKit_Example.release.xcconfig */;
			buildSettings = {
				ASSETCATALOG_COMPILER_APPICON_NAME = AppIcon;
				DEVELOPMENT_TEAM = JTEXWEH4CZ;
				INFOPLIST_FILE = VEditorKit/Info.plist;
				LD_RUNPATH_SEARCH_PATHS = "$(inherited) @executable_path/Frameworks";
				MODULE_NAME = ExampleApp;
				PRODUCT_BUNDLE_IDENTIFIER = "org.cocoapods.demo.$(PRODUCT_NAME:rfc1034identifier)";
				PRODUCT_NAME = "$(TARGET_NAME)";
				SWIFT_SWIFT3_OBJC_INFERENCE = Default;
				SWIFT_VERSION = 4.2;
			};
			name = Release;
		};
		607FACF31AFB9204008FA782 /* Debug */ = {
			isa = XCBuildConfiguration;
			baseConfigurationReference = C3E3AB57DFE5DE8299572A7A /* Pods-VEditorKit_Tests.debug.xcconfig */;
			buildSettings = {
				DEVELOPMENT_TEAM = JTEXWEH4CZ;
				FRAMEWORK_SEARCH_PATHS = (
					"$(SDKROOT)/Developer/Library/Frameworks",
					"$(inherited)",
				);
				GCC_PREPROCESSOR_DEFINITIONS = (
					"DEBUG=1",
					"$(inherited)",
				);
				INFOPLIST_FILE = Tests/Info.plist;
				LD_RUNPATH_SEARCH_PATHS = "$(inherited) @executable_path/Frameworks @loader_path/Frameworks";
				PRODUCT_BUNDLE_IDENTIFIER = "org.cocoapods.$(PRODUCT_NAME:rfc1034identifier)";
				PRODUCT_NAME = "$(TARGET_NAME)";
				SWIFT_SWIFT3_OBJC_INFERENCE = Default;
				SWIFT_VERSION = 4.2;
				TEST_HOST = "$(BUILT_PRODUCTS_DIR)/VEditorKit_Example.app/VEditorKit_Example";
			};
			name = Debug;
		};
		607FACF41AFB9204008FA782 /* Release */ = {
			isa = XCBuildConfiguration;
			baseConfigurationReference = D262A91D97AC2BCBF155C159 /* Pods-VEditorKit_Tests.release.xcconfig */;
			buildSettings = {
				DEVELOPMENT_TEAM = JTEXWEH4CZ;
				FRAMEWORK_SEARCH_PATHS = (
					"$(SDKROOT)/Developer/Library/Frameworks",
					"$(inherited)",
				);
				INFOPLIST_FILE = Tests/Info.plist;
				LD_RUNPATH_SEARCH_PATHS = "$(inherited) @executable_path/Frameworks @loader_path/Frameworks";
				PRODUCT_BUNDLE_IDENTIFIER = "org.cocoapods.$(PRODUCT_NAME:rfc1034identifier)";
				PRODUCT_NAME = "$(TARGET_NAME)";
				SWIFT_SWIFT3_OBJC_INFERENCE = Default;
				SWIFT_VERSION = 4.2;
				TEST_HOST = "$(BUILT_PRODUCTS_DIR)/VEditorKit_Example.app/VEditorKit_Example";
			};
			name = Release;
		};
/* End XCBuildConfiguration section */

/* Begin XCConfigurationList section */
		607FACCB1AFB9204008FA782 /* Build configuration list for PBXProject "VEditorKit" */ = {
			isa = XCConfigurationList;
			buildConfigurations = (
				607FACED1AFB9204008FA782 /* Debug */,
				607FACEE1AFB9204008FA782 /* Release */,
			);
			defaultConfigurationIsVisible = 0;
			defaultConfigurationName = Release;
		};
		607FACEF1AFB9204008FA782 /* Build configuration list for PBXNativeTarget "VEditorKit_Example" */ = {
			isa = XCConfigurationList;
			buildConfigurations = (
				607FACF01AFB9204008FA782 /* Debug */,
				607FACF11AFB9204008FA782 /* Release */,
			);
			defaultConfigurationIsVisible = 0;
			defaultConfigurationName = Release;
		};
		607FACF21AFB9204008FA782 /* Build configuration list for PBXNativeTarget "VEditorKit_Tests" */ = {
			isa = XCConfigurationList;
			buildConfigurations = (
				607FACF31AFB9204008FA782 /* Debug */,
				607FACF41AFB9204008FA782 /* Release */,
			);
			defaultConfigurationIsVisible = 0;
			defaultConfigurationName = Release;
		};
/* End XCConfigurationList section */
	};
	rootObject = 607FACC81AFB9204008FA782 /* Project object */;
}
